
Microsoft Visual Studio Solution File, Format Version 11.00
# Visual Studio 2010
Project("{FAE04EC0-301F-11D3-BF4B-00C04F79EFBC}") = "16-Squares", "Assembly-CSharp.csproj", "{49D3A21C-E2D8-4662-9477-4B927F40FD96}"
EndProject
Project("{FAE04EC0-301F-11D3-BF4B-00C04F79EFBC}") = "16-Squares", "Assembly-CSharp-Editor.csproj", "{64494AD8-680A-68D3-6D22-B94AB1010A47}"
EndProject
Global
	GlobalSection(SolutionConfigurationPlatforms) = preSolution
		Debug|Any CPU = Debug|Any CPU
		Release|Any CPU = Release|Any CPU
	EndGlobalSection
	GlobalSection(ProjectConfigurationPlatforms) = postSolution
		{49D3A21C-E2D8-4662-9477-4B927F40FD96}.Debug|Any CPU.ActiveCfg = Debug|Any CPU
		{49D3A21C-E2D8-4662-9477-4B927F40FD96}.Debug|Any CPU.Build.0 = Debug|Any CPU
		{49D3A21C-E2D8-4662-9477-4B927F40FD96}.Release|Any CPU.ActiveCfg = Release|Any CPU
		{49D3A21C-E2D8-4662-9477-4B927F40FD96}.Release|Any CPU.Build.0 = Release|Any CPU
		{64494AD8-680A-68D3-6D22-B94AB1010A47}.Debug|Any CPU.ActiveCfg = Debug|Any CPU
		{64494AD8-680A-68D3-6D22-B94AB1010A47}.Debug|Any CPU.Build.0 = Debug|Any CPU
		{64494AD8-680A-68D3-6D22-B94AB1010A47}.Release|Any CPU.ActiveCfg = Release|Any CPU
		{64494AD8-680A-68D3-6D22-B94AB1010A47}.Release|Any CPU.Build.0 = Release|Any CPU
	EndGlobalSection
	GlobalSection(SolutionProperties) = preSolution
		HideSolutionNode = FALSE
	EndGlobalSection
	GlobalSection(MonoDevelopProperties) = preSolution
		StartupItem = Assembly-CSharp.csproj
	EndGlobalSection
EndGlobal
